
Microsoft Visual Studio Solution File, Format Version 12.00
# Visual Studio Version 17
VisualStudioVersion = 17.1.31903.286
MinimumVisualStudioVersion = 10.0.40219.1
Project("{9A19103F-16F7-4668-BE54-9A1E7A4F7556}") = "AdminSite", "AdminSite\AdminSite.csproj", "{4567795A-5795-446B-A5D5-780D9369D2E3}"
EndProject
Project("{9A19103F-16F7-4668-BE54-9A1E7A4F7556}") = "Services", "Services\Services.csproj", "{97EA6BEA-219D-4579-B3DE-26A4884AB509}"
EndProject
Project("{9A19103F-16F7-4668-BE54-9A1E7A4F7556}") = "DataAccess", "DataAccess\DataAccess.csproj", "{6FBED528-4DE4-412D-8E1C-2C4D97EECAB0}"
EndProject
Project("{9A19103F-16F7-4668-BE54-9A1E7A4F7556}") = "MeteredTriggerJob", "MeteredTriggerJob\MeteredTriggerJob.csproj", "{C2EF70DD-A367-45F6-B1BB-8B5DC0EE9C74}"
EndProject
Project("{9A19103F-16F7-4668-BE54-9A1E7A4F7556}") = "ContainerMeteredTriggerJob", "ContainerMeteredTriggerJob\ContainerMeteredTriggerJob.csproj", "{5765D9F5-0611-44EE-B974-223C21BB592A}"
EndProject
Global
	GlobalSection(SolutionConfigurationPlatforms) = preSolution
		Debug|Any CPU = Debug|Any CPU
		Release|Any CPU = Release|Any CPU
	EndGlobalSection
	GlobalSection(ProjectConfigurationPlatforms) = postSolution
		{4567795A-5795-446B-A5D5-780D9369D2E3}.Debug|Any CPU.ActiveCfg = Debug|Any CPU
		{4567795A-5795-446B-A5D5-780D9369D2E3}.Debug|Any CPU.Build.0 = Debug|Any CPU
		{4567795A-5795-446B-A5D5-780D9369D2E3}.Release|Any CPU.ActiveCfg = Release|Any CPU
		{4567795A-5795-446B-A5D5-780D9369D2E3}.Release|Any CPU.Build.0 = Release|Any CPU
		{97EA6BEA-219D-4579-B3DE-26A4884AB509}.Debug|Any CPU.ActiveCfg = Debug|Any CPU
		{97EA6BEA-219D-4579-B3DE-26A4884AB509}.Debug|Any CPU.Build.0 = Debug|Any CPU
		{97EA6BEA-219D-4579-B3DE-26A4884AB509}.Release|Any CPU.ActiveCfg = Release|Any CPU
		{97EA6BEA-219D-4579-B3DE-26A4884AB509}.Release|Any CPU.Build.0 = Release|Any CPU
		{6FBED528-4DE4-412D-8E1C-2C4D97EECAB0}.Debug|Any CPU.ActiveCfg = Debug|Any CPU
		{6FBED528-4DE4-412D-8E1C-2C4D97EECAB0}.Debug|Any CPU.Build.0 = Debug|Any CPU
		{6FBED528-4DE4-412D-8E1C-2C4D97EECAB0}.Release|Any CPU.ActiveCfg = Release|Any CPU
		{6FBED528-4DE4-412D-8E1C-2C4D97EECAB0}.Release|Any CPU.Build.0 = Release|Any CPU
		{C2EF70DD-A367-45F6-B1BB-8B5DC0EE9C74}.Debug|Any CPU.ActiveCfg = Debug|Any CPU
		{C2EF70DD-A367-45F6-B1BB-8B5DC0EE9C74}.Debug|Any CPU.Build.0 = Debug|Any CPU
		{C2EF70DD-A367-45F6-B1BB-8B5DC0EE9C74}.Release|Any CPU.ActiveCfg = Release|Any CPU
		{C2EF70DD-A367-45F6-B1BB-8B5DC0EE9C74}.Release|Any CPU.Build.0 = Release|Any CPU
		{5765D9F5-0611-44EE-B974-223C21BB592A}.Debug|Any CPU.ActiveCfg = Debug|Any CPU
		{5765D9F5-0611-44EE-B974-223C21BB592A}.Debug|Any CPU.Build.0 = Debug|Any CPU
		{5765D9F5-0611-44EE-B974-223C21BB592A}.Release|Any CPU.ActiveCfg = Release|Any CPU
		{5765D9F5-0611-44EE-B974-223C21BB592A}.Release|Any CPU.Build.0 = Release|Any CPU
	EndGlobalSection
	GlobalSection(SolutionProperties) = preSolution
		HideSolutionNode = FALSE
	EndGlobalSection
	GlobalSection(ExtensibilityGlobals) = postSolution
		SolutionGuid = {133A46EB-AD21-47F0-A771-FF68507E0244}
	EndGlobalSection
EndGlobal
